
Microsoft Visual Studio Solution File, Format Version 12.00
# Visual Studio Version 17
VisualStudioVersion = 17.7.34202.233
MinimumVisualStudioVersion = 10.0.40219.1
Project("{8BC9CEB8-8B4A-11D0-8D11-00A0C91BC942}") = "PrimesCounter", "PrimesCounter\PrimesCounter.vcxproj", "{ADBE34D9-CCFA-467C-928B-272610E1068E}"
EndProject
Project("{8BC9CEB8-8B4A-11D0-8D11-00A0C91BC942}") = "MinimalProcessManager", "MinimalProcessManager\MinimalProcessManager.vcxproj", "{75240F79-74D2-468C-8CEB-00B5AB4C900C}"
EndProject
Project("{8BC9CEB8-8B4A-11D0-8D11-00A0C91BC942}") = "MemLimit", "MemLimit\MemLimit.vcxproj", "{5A383722-C0C3-4A0E-8AB3-16D49B3FD6EE}"
EndProject
Project("{8BC9CEB8-8B4A-11D0-8D11-00A0C91BC942}") = "IncrementApplication", "IncrementApplication\IncrementApplication.vcxproj", "{72C87575-D049-49A5-B2F4-68FDBFFA4A32}"
EndProject
Project("{2150E333-8FDC-42A3-9474-1A3956D46DE8}") = "Itens de Solução", "Itens de Solução", "{DACD1CA9-FFAB-48E9-A501-E2AF6017850C}"
	ProjectSection(SolutionItems) = preProject
		README.md = README.md
	EndProjectSection
EndProject
Project("{8BC9CEB8-8B4A-11D0-8D11-00A0C91BC942}") = "RWLocks", "RWLocks\RWLocks.vcxproj", "{CF499480-530C-41EB-B4E9-9663F1A68A96}"
EndProject
Project("{8BC9CEB8-8B4A-11D0-8D11-00A0C91BC942}") = "BasicSysInfo", "BasicSysInfo\BasicSysInfo.vcxproj", "{1B875533-9A94-4E91-9E1A-6418E2B1884B}"
EndProject
Project("{8BC9CEB8-8B4A-11D0-8D11-00A0C91BC942}") = "QueueDemo", "QueueDemo\QueueDemo.vcxproj", "{307DCCE5-142B-4914-BCB2-EC250E669FF5}"
EndProject
Global
	GlobalSection(SolutionConfigurationPlatforms) = preSolution
		Debug|x64 = Debug|x64
		Debug|x86 = Debug|x86
		Release|x64 = Release|x64
		Release|x86 = Release|x86
	EndGlobalSection
	GlobalSection(ProjectConfigurationPlatforms) = postSolution
		{ADBE34D9-CCFA-467C-928B-272610E1068E}.Debug|x64.ActiveCfg = Debug|x64
		{ADBE34D9-CCFA-467C-928B-272610E1068E}.Debug|x64.Build.0 = Debug|x64
		{ADBE34D9-CCFA-467C-928B-272610E1068E}.Debug|x86.ActiveCfg = Debug|Win32
		{ADBE34D9-CCFA-467C-928B-272610E1068E}.Debug|x86.Build.0 = Debug|Win32
		{ADBE34D9-CCFA-467C-928B-272610E1068E}.Release|x64.ActiveCfg = Release|x64
		{ADBE34D9-CCFA-467C-928B-272610E1068E}.Release|x64.Build.0 = Release|x64
		{ADBE34D9-CCFA-467C-928B-272610E1068E}.Release|x86.ActiveCfg = Release|Win32
		{ADBE34D9-CCFA-467C-928B-272610E1068E}.Release|x86.Build.0 = Release|Win32
		{75240F79-74D2-468C-8CEB-00B5AB4C900C}.Debug|x64.ActiveCfg = Debug|x64
		{75240F79-74D2-468C-8CEB-00B5AB4C900C}.Debug|x64.Build.0 = Debug|x64
		{75240F79-74D2-468C-8CEB-00B5AB4C900C}.Debug|x86.ActiveCfg = Debug|Win32
		{75240F79-74D2-468C-8CEB-00B5AB4C900C}.Debug|x86.Build.0 = Debug|Win32
		{75240F79-74D2-468C-8CEB-00B5AB4C900C}.Release|x64.ActiveCfg = Release|x64
		{75240F79-74D2-468C-8CEB-00B5AB4C900C}.Release|x64.Build.0 = Release|x64
		{75240F79-74D2-468C-8CEB-00B5AB4C900C}.Release|x86.ActiveCfg = Release|Win32
		{75240F79-74D2-468C-8CEB-00B5AB4C900C}.Release|x86.Build.0 = Release|Win32
		{5A383722-C0C3-4A0E-8AB3-16D49B3FD6EE}.Debug|x64.ActiveCfg = Debug|x64
		{5A383722-C0C3-4A0E-8AB3-16D49B3FD6EE}.Debug|x64.Build.0 = Debug|x64
		{5A383722-C0C3-4A0E-8AB3-16D49B3FD6EE}.Debug|x86.ActiveCfg = Debug|Win32
		{5A383722-C0C3-4A0E-8AB3-16D49B3FD6EE}.Debug|x86.Build.0 = Debug|Win32
		{5A383722-C0C3-4A0E-8AB3-16D49B3FD6EE}.Release|x64.ActiveCfg = Release|x64
		{5A383722-C0C3-4A0E-8AB3-16D49B3FD6EE}.Release|x64.Build.0 = Release|x64
		{5A383722-C0C3-4A0E-8AB3-16D49B3FD6EE}.Release|x86.ActiveCfg = Release|Win32
		{5A383722-C0C3-4A0E-8AB3-16D49B3FD6EE}.Release|x86.Build.0 = Release|Win32
		{72C87575-D049-49A5-B2F4-68FDBFFA4A32}.Debug|x64.ActiveCfg = Debug|x64
		{72C87575-D049-49A5-B2F4-68FDBFFA4A32}.Debug|x64.Build.0 = Debug|x64
		{72C87575-D049-49A5-B2F4-68FDBFFA4A32}.Debug|x86.ActiveCfg = Debug|Win32
		{72C87575-D049-49A5-B2F4-68FDBFFA4A32}.Debug|x86.Build.0 = Debug|Win32
		{72C87575-D049-49A5-B2F4-68FDBFFA4A32}.Release|x64.ActiveCfg = Release|x64
		{72C87575-D049-49A5-B2F4-68FDBFFA4A32}.Release|x64.Build.0 = Release|x64
		{72C87575-D049-49A5-B2F4-68FDBFFA4A32}.Release|x86.ActiveCfg = Release|Win32
		{72C87575-D049-49A5-B2F4-68FDBFFA4A32}.Release|x86.Build.0 = Release|Win32
		{CF499480-530C-41EB-B4E9-9663F1A68A96}.Debug|x64.ActiveCfg = Debug|x64
		{CF499480-530C-41EB-B4E9-9663F1A68A96}.Debug|x64.Build.0 = Debug|x64
		{CF499480-530C-41EB-B4E9-9663F1A68A96}.Debug|x86.ActiveCfg = Debug|Win32
		{CF499480-530C-41EB-B4E9-9663F1A68A96}.Debug|x86.Build.0 = Debug|Win32
		{CF499480-530C-41EB-B4E9-9663F1A68A96}.Release|x64.ActiveCfg = Release|x64
		{CF499480-530C-41EB-B4E9-9663F1A68A96}.Release|x64.Build.0 = Release|x64
		{CF499480-530C-41EB-B4E9-9663F1A68A96}.Release|x86.ActiveCfg = Release|Win32
		{CF499480-530C-41EB-B4E9-9663F1A68A96}.Release|x86.Build.0 = Release|Win32
		{1B875533-9A94-4E91-9E1A-6418E2B1884B}.Debug|x64.ActiveCfg = Debug|x64
		{1B875533-9A94-4E91-9E1A-6418E2B1884B}.Debug|x64.Build.0 = Debug|x64
		{1B875533-9A94-4E91-9E1A-6418E2B1884B}.Debug|x86.ActiveCfg = Debug|Win32
		{1B875533-9A94-4E91-9E1A-6418E2B1884B}.Debug|x86.Build.0 = Debug|Win32
		{1B875533-9A94-4E91-9E1A-6418E2B1884B}.Release|x64.ActiveCfg = Release|x64
		{1B875533-9A94-4E91-9E1A-6418E2B1884B}.Release|x64.Build.0 = Release|x64
		{1B875533-9A94-4E91-9E1A-6418E2B1884B}.Release|x86.ActiveCfg = Release|Win32
		{1B875533-9A94-4E91-9E1A-6418E2B1884B}.Release|x86.Build.0 = Release|Win32
		{307DCCE5-142B-4914-BCB2-EC250E669FF5}.Debug|x64.ActiveCfg = Debug|x64
		{307DCCE5-142B-4914-BCB2-EC250E669FF5}.Debug|x64.Build.0 = Debug|x64
		{307DCCE5-142B-4914-BCB2-EC250E669FF5}.Debug|x86.ActiveCfg = Debug|Win32
		{307DCCE5-142B-4914-BCB2-EC250E669FF5}.Debug|x86.Build.0 = Debug|Win32
		{307DCCE5-142B-4914-BCB2-EC250E669FF5}.Release|x64.ActiveCfg = Release|x64
		{307DCCE5-142B-4914-BCB2-EC250E669FF5}.Release|x64.Build.0 = Release|x64
		{307DCCE5-142B-4914-BCB2-EC250E669FF5}.Release|x86.ActiveCfg = Release|Win32
		{307DCCE5-142B-4914-BCB2-EC250E669FF5}.Release|x86.Build.0 = Release|Win32
	EndGlobalSection
	GlobalSection(SolutionProperties) = preSolution
		HideSolutionNode = FALSE
	EndGlobalSection
	GlobalSection(ExtensibilityGlobals) = postSolution
		SolutionGuid = {274CAF3D-363B-44CF-8332-B9ED82BB2063}
	EndGlobalSection
EndGlobal
