
Microsoft Visual Studio Solution File, Format Version 12.00
# Visual Studio Version 17
VisualStudioVersion = 17.7.34202.233
MinimumVisualStudioVersion = 10.0.40219.1
Project("{8BC9CEB8-8B4A-11D0-8D11-00A0C91BC942}") = "PrimesCounter", "PrimesCounter\PrimesCounter.vcxproj", "{ADBE34D9-CCFA-467C-928B-272610E1068E}"
EndProject
Project("{8BC9CEB8-8B4A-11D0-8D11-00A0C91BC942}") = "MinimalProcessManager", "MinimalProcessManager\MinimalProcessManager.vcxproj", "{75240F79-74D2-468C-8CEB-00B5AB4C900C}"
EndProject
Project("{8BC9CEB8-8B4A-11D0-8D11-00A0C91BC942}") = "MemLimit", "MemLimit\MemLimit.vcxproj", "{5A383722-C0C3-4A0E-8AB3-16D49B3FD6EE}"
EndProject
Project("{8BC9CEB8-8B4A-11D0-8D11-00A0C91BC942}") = "IncrementApplication", "IncrementApplication\IncrementApplication.vcxproj", "{72C87575-D049-49A5-B2F4-68FDBFFA4A32}"
EndProject
Project("{2150E333-8FDC-42A3-9474-1A3956D46DE8}") = "Itens de Solução", "Itens de Solução", "{DACD1CA9-FFAB-48E9-A501-E2AF6017850C}"
	ProjectSection(SolutionItems) = preProject
		README_CONTENT\BasicSysInfo.png = README_CONTENT\BasicSysInfo.png
		README_CONTENT\QueueDemo.png = README_CONTENT\QueueDemo.png
		README.md = README.md
		README_CONTENT\SimpleWork.png = README_CONTENT\SimpleWork.png
		README_CONTENT\wallpaper.png = README_CONTENT\wallpaper.png
	EndProjectSection
EndProject
Project("{8BC9CEB8-8B4A-11D0-8D11-00A0C91BC942}") = "RWLocks", "RWLocks\RWLocks.vcxproj", "{CF499480-530C-41EB-B4E9-9663F1A68A96}"
EndProject
Project("{8BC9CEB8-8B4A-11D0-8D11-00A0C91BC942}") = "BasicSysInfo", "BasicSysInfo\BasicSysInfo.vcxproj", "{1B875533-9A94-4E91-9E1A-6418E2B1884B}"
EndProject
Project("{8BC9CEB8-8B4A-11D0-8D11-00A0C91BC942}") = "QueueDemo", "QueueDemo\QueueDemo.vcxproj", "{307DCCE5-142B-4914-BCB2-EC250E669FF5}"
EndProject
Project("{8BC9CEB8-8B4A-11D0-8D11-00A0C91BC942}") = "WaitOnAddr", "WaitOnAddr\WaitOnAddr.vcxproj", "{6669075C-1D40-441C-BECE-E290C9B23954}"
EndProject
Project("{8BC9CEB8-8B4A-11D0-8D11-00A0C91BC942}") = "SyncBarrier", "SyncBarrier\SyncBarrier.vcxproj", "{4A1A74C1-311E-4BCE-8CF7-2FCCA72BC6F3}"
EndProject
Project("{8BC9CEB8-8B4A-11D0-8D11-00A0C91BC942}") = "MutexDemo", "MutexDemo\MutexDemo.vcxproj", "{CD97F39E-AB4B-487A-A280-AFAA703D9037}"
EndProject
Project("{8BC9CEB8-8B4A-11D0-8D11-00A0C91BC942}") = "ShutdownEventSim", "ShutdownEventSim\ShutdownEventSim.vcxproj", "{18F3CBB8-7991-4271-9D47-9D40A454B934}"
EndProject
Project("{8BC9CEB8-8B4A-11D0-8D11-00A0C91BC942}") = "WaitableTimer", "WaitableTimer\WaitableTimer.vcxproj", "{25E1C288-79C1-4C3B-B153-A42D80298C9A}"
EndProject
Project("{8BC9CEB8-8B4A-11D0-8D11-00A0C91BC942}") = "AppsTests", "AppsTests\AppsTests.vcxproj", "{39CF56BB-950E-4DD6-AA3F-F46E9FA3BE0F}"
EndProject
Project("{8BC9CEB8-8B4A-11D0-8D11-00A0C91BC942}") = "SimpleWork", "SimpleWork\SimpleWork.vcxproj", "{3085C1E3-54BE-41C4-8A4F-23BD9B40B786}"
EndProject
Project("{8BC9CEB8-8B4A-11D0-8D11-00A0C91BC942}") = "ShutdownEventSim2", "ShutdownEventSim2\ShutdownEventSim2.vcxproj", "{877E8FCA-0A9E-4522-B631-14D192AB7EED}"
EndProject
Project("{8BC9CEB8-8B4A-11D0-8D11-00A0C91BC942}") = "ThreadPoolTimerDemo", "ThreadPoolTimerDemo\ThreadPoolTimerDemo.vcxproj", "{549A8A17-3888-4824-AE85-A4AE411263D9}"
EndProject
Project("{8BC9CEB8-8B4A-11D0-8D11-00A0C91BC942}") = "Breakin", "Breakin\Breakin.vcxproj", "{188BE5C0-1B13-4AE9-B56B-7889257C76D3}"
EndProject
Global
	GlobalSection(SolutionConfigurationPlatforms) = preSolution
		Debug|x64 = Debug|x64
		Debug|x86 = Debug|x86
		Release|x64 = Release|x64
		Release|x86 = Release|x86
	EndGlobalSection
	GlobalSection(ProjectConfigurationPlatforms) = postSolution
		{ADBE34D9-CCFA-467C-928B-272610E1068E}.Debug|x64.ActiveCfg = Debug|x64
		{ADBE34D9-CCFA-467C-928B-272610E1068E}.Debug|x64.Build.0 = Debug|x64
		{ADBE34D9-CCFA-467C-928B-272610E1068E}.Debug|x86.ActiveCfg = Debug|Win32
		{ADBE34D9-CCFA-467C-928B-272610E1068E}.Debug|x86.Build.0 = Debug|Win32
		{ADBE34D9-CCFA-467C-928B-272610E1068E}.Release|x64.ActiveCfg = Release|x64
		{ADBE34D9-CCFA-467C-928B-272610E1068E}.Release|x64.Build.0 = Release|x64
		{ADBE34D9-CCFA-467C-928B-272610E1068E}.Release|x86.ActiveCfg = Release|Win32
		{ADBE34D9-CCFA-467C-928B-272610E1068E}.Release|x86.Build.0 = Release|Win32
		{75240F79-74D2-468C-8CEB-00B5AB4C900C}.Debug|x64.ActiveCfg = Debug|x64
		{75240F79-74D2-468C-8CEB-00B5AB4C900C}.Debug|x64.Build.0 = Debug|x64
		{75240F79-74D2-468C-8CEB-00B5AB4C900C}.Debug|x86.ActiveCfg = Debug|Win32
		{75240F79-74D2-468C-8CEB-00B5AB4C900C}.Debug|x86.Build.0 = Debug|Win32
		{75240F79-74D2-468C-8CEB-00B5AB4C900C}.Release|x64.ActiveCfg = Release|x64
		{75240F79-74D2-468C-8CEB-00B5AB4C900C}.Release|x64.Build.0 = Release|x64
		{75240F79-74D2-468C-8CEB-00B5AB4C900C}.Release|x86.ActiveCfg = Release|Win32
		{75240F79-74D2-468C-8CEB-00B5AB4C900C}.Release|x86.Build.0 = Release|Win32
		{5A383722-C0C3-4A0E-8AB3-16D49B3FD6EE}.Debug|x64.ActiveCfg = Debug|x64
		{5A383722-C0C3-4A0E-8AB3-16D49B3FD6EE}.Debug|x64.Build.0 = Debug|x64
		{5A383722-C0C3-4A0E-8AB3-16D49B3FD6EE}.Debug|x86.ActiveCfg = Debug|Win32
		{5A383722-C0C3-4A0E-8AB3-16D49B3FD6EE}.Debug|x86.Build.0 = Debug|Win32
		{5A383722-C0C3-4A0E-8AB3-16D49B3FD6EE}.Release|x64.ActiveCfg = Release|x64
		{5A383722-C0C3-4A0E-8AB3-16D49B3FD6EE}.Release|x64.Build.0 = Release|x64
		{5A383722-C0C3-4A0E-8AB3-16D49B3FD6EE}.Release|x86.ActiveCfg = Release|Win32
		{5A383722-C0C3-4A0E-8AB3-16D49B3FD6EE}.Release|x86.Build.0 = Release|Win32
		{72C87575-D049-49A5-B2F4-68FDBFFA4A32}.Debug|x64.ActiveCfg = Debug|x64
		{72C87575-D049-49A5-B2F4-68FDBFFA4A32}.Debug|x64.Build.0 = Debug|x64
		{72C87575-D049-49A5-B2F4-68FDBFFA4A32}.Debug|x86.ActiveCfg = Debug|Win32
		{72C87575-D049-49A5-B2F4-68FDBFFA4A32}.Debug|x86.Build.0 = Debug|Win32
		{72C87575-D049-49A5-B2F4-68FDBFFA4A32}.Release|x64.ActiveCfg = Release|x64
		{72C87575-D049-49A5-B2F4-68FDBFFA4A32}.Release|x64.Build.0 = Release|x64
		{72C87575-D049-49A5-B2F4-68FDBFFA4A32}.Release|x86.ActiveCfg = Release|Win32
		{72C87575-D049-49A5-B2F4-68FDBFFA4A32}.Release|x86.Build.0 = Release|Win32
		{CF499480-530C-41EB-B4E9-9663F1A68A96}.Debug|x64.ActiveCfg = Debug|x64
		{CF499480-530C-41EB-B4E9-9663F1A68A96}.Debug|x64.Build.0 = Debug|x64
		{CF499480-530C-41EB-B4E9-9663F1A68A96}.Debug|x86.ActiveCfg = Debug|Win32
		{CF499480-530C-41EB-B4E9-9663F1A68A96}.Debug|x86.Build.0 = Debug|Win32
		{CF499480-530C-41EB-B4E9-9663F1A68A96}.Release|x64.ActiveCfg = Release|x64
		{CF499480-530C-41EB-B4E9-9663F1A68A96}.Release|x64.Build.0 = Release|x64
		{CF499480-530C-41EB-B4E9-9663F1A68A96}.Release|x86.ActiveCfg = Release|Win32
		{CF499480-530C-41EB-B4E9-9663F1A68A96}.Release|x86.Build.0 = Release|Win32
		{1B875533-9A94-4E91-9E1A-6418E2B1884B}.Debug|x64.ActiveCfg = Debug|x64
		{1B875533-9A94-4E91-9E1A-6418E2B1884B}.Debug|x64.Build.0 = Debug|x64
		{1B875533-9A94-4E91-9E1A-6418E2B1884B}.Debug|x86.ActiveCfg = Debug|Win32
		{1B875533-9A94-4E91-9E1A-6418E2B1884B}.Debug|x86.Build.0 = Debug|Win32
		{1B875533-9A94-4E91-9E1A-6418E2B1884B}.Release|x64.ActiveCfg = Release|x64
		{1B875533-9A94-4E91-9E1A-6418E2B1884B}.Release|x64.Build.0 = Release|x64
		{1B875533-9A94-4E91-9E1A-6418E2B1884B}.Release|x86.ActiveCfg = Release|Win32
		{1B875533-9A94-4E91-9E1A-6418E2B1884B}.Release|x86.Build.0 = Release|Win32
		{307DCCE5-142B-4914-BCB2-EC250E669FF5}.Debug|x64.ActiveCfg = Debug|x64
		{307DCCE5-142B-4914-BCB2-EC250E669FF5}.Debug|x64.Build.0 = Debug|x64
		{307DCCE5-142B-4914-BCB2-EC250E669FF5}.Debug|x86.ActiveCfg = Debug|Win32
		{307DCCE5-142B-4914-BCB2-EC250E669FF5}.Debug|x86.Build.0 = Debug|Win32
		{307DCCE5-142B-4914-BCB2-EC250E669FF5}.Release|x64.ActiveCfg = Release|x64
		{307DCCE5-142B-4914-BCB2-EC250E669FF5}.Release|x64.Build.0 = Release|x64
		{307DCCE5-142B-4914-BCB2-EC250E669FF5}.Release|x86.ActiveCfg = Release|Win32
		{307DCCE5-142B-4914-BCB2-EC250E669FF5}.Release|x86.Build.0 = Release|Win32
		{6669075C-1D40-441C-BECE-E290C9B23954}.Debug|x64.ActiveCfg = Debug|x64
		{6669075C-1D40-441C-BECE-E290C9B23954}.Debug|x64.Build.0 = Debug|x64
		{6669075C-1D40-441C-BECE-E290C9B23954}.Debug|x86.ActiveCfg = Debug|Win32
		{6669075C-1D40-441C-BECE-E290C9B23954}.Debug|x86.Build.0 = Debug|Win32
		{6669075C-1D40-441C-BECE-E290C9B23954}.Release|x64.ActiveCfg = Release|x64
		{6669075C-1D40-441C-BECE-E290C9B23954}.Release|x64.Build.0 = Release|x64
		{6669075C-1D40-441C-BECE-E290C9B23954}.Release|x86.ActiveCfg = Release|Win32
		{6669075C-1D40-441C-BECE-E290C9B23954}.Release|x86.Build.0 = Release|Win32
		{4A1A74C1-311E-4BCE-8CF7-2FCCA72BC6F3}.Debug|x64.ActiveCfg = Debug|x64
		{4A1A74C1-311E-4BCE-8CF7-2FCCA72BC6F3}.Debug|x64.Build.0 = Debug|x64
		{4A1A74C1-311E-4BCE-8CF7-2FCCA72BC6F3}.Debug|x86.ActiveCfg = Debug|Win32
		{4A1A74C1-311E-4BCE-8CF7-2FCCA72BC6F3}.Debug|x86.Build.0 = Debug|Win32
		{4A1A74C1-311E-4BCE-8CF7-2FCCA72BC6F3}.Release|x64.ActiveCfg = Release|x64
		{4A1A74C1-311E-4BCE-8CF7-2FCCA72BC6F3}.Release|x64.Build.0 = Release|x64
		{4A1A74C1-311E-4BCE-8CF7-2FCCA72BC6F3}.Release|x86.ActiveCfg = Release|Win32
		{4A1A74C1-311E-4BCE-8CF7-2FCCA72BC6F3}.Release|x86.Build.0 = Release|Win32
		{CD97F39E-AB4B-487A-A280-AFAA703D9037}.Debug|x64.ActiveCfg = Debug|x64
		{CD97F39E-AB4B-487A-A280-AFAA703D9037}.Debug|x64.Build.0 = Debug|x64
		{CD97F39E-AB4B-487A-A280-AFAA703D9037}.Debug|x86.ActiveCfg = Debug|Win32
		{CD97F39E-AB4B-487A-A280-AFAA703D9037}.Debug|x86.Build.0 = Debug|Win32
		{CD97F39E-AB4B-487A-A280-AFAA703D9037}.Release|x64.ActiveCfg = Release|x64
		{CD97F39E-AB4B-487A-A280-AFAA703D9037}.Release|x64.Build.0 = Release|x64
		{CD97F39E-AB4B-487A-A280-AFAA703D9037}.Release|x86.ActiveCfg = Release|Win32
		{CD97F39E-AB4B-487A-A280-AFAA703D9037}.Release|x86.Build.0 = Release|Win32
		{18F3CBB8-7991-4271-9D47-9D40A454B934}.Debug|x64.ActiveCfg = Debug|x64
		{18F3CBB8-7991-4271-9D47-9D40A454B934}.Debug|x64.Build.0 = Debug|x64
		{18F3CBB8-7991-4271-9D47-9D40A454B934}.Debug|x86.ActiveCfg = Debug|Win32
		{18F3CBB8-7991-4271-9D47-9D40A454B934}.Debug|x86.Build.0 = Debug|Win32
		{18F3CBB8-7991-4271-9D47-9D40A454B934}.Release|x64.ActiveCfg = Release|x64
		{18F3CBB8-7991-4271-9D47-9D40A454B934}.Release|x64.Build.0 = Release|x64
		{18F3CBB8-7991-4271-9D47-9D40A454B934}.Release|x86.ActiveCfg = Release|Win32
		{18F3CBB8-7991-4271-9D47-9D40A454B934}.Release|x86.Build.0 = Release|Win32
		{25E1C288-79C1-4C3B-B153-A42D80298C9A}.Debug|x64.ActiveCfg = Debug|x64
		{25E1C288-79C1-4C3B-B153-A42D80298C9A}.Debug|x64.Build.0 = Debug|x64
		{25E1C288-79C1-4C3B-B153-A42D80298C9A}.Debug|x86.ActiveCfg = Debug|Win32
		{25E1C288-79C1-4C3B-B153-A42D80298C9A}.Debug|x86.Build.0 = Debug|Win32
		{25E1C288-79C1-4C3B-B153-A42D80298C9A}.Release|x64.ActiveCfg = Release|x64
		{25E1C288-79C1-4C3B-B153-A42D80298C9A}.Release|x64.Build.0 = Release|x64
		{25E1C288-79C1-4C3B-B153-A42D80298C9A}.Release|x86.ActiveCfg = Release|Win32
		{25E1C288-79C1-4C3B-B153-A42D80298C9A}.Release|x86.Build.0 = Release|Win32
		{39CF56BB-950E-4DD6-AA3F-F46E9FA3BE0F}.Debug|x64.ActiveCfg = Debug|x64
		{39CF56BB-950E-4DD6-AA3F-F46E9FA3BE0F}.Debug|x64.Build.0 = Debug|x64
		{39CF56BB-950E-4DD6-AA3F-F46E9FA3BE0F}.Debug|x86.ActiveCfg = Debug|Win32
		{39CF56BB-950E-4DD6-AA3F-F46E9FA3BE0F}.Debug|x86.Build.0 = Debug|Win32
		{39CF56BB-950E-4DD6-AA3F-F46E9FA3BE0F}.Release|x64.ActiveCfg = Release|x64
		{39CF56BB-950E-4DD6-AA3F-F46E9FA3BE0F}.Release|x64.Build.0 = Release|x64
		{39CF56BB-950E-4DD6-AA3F-F46E9FA3BE0F}.Release|x86.ActiveCfg = Release|Win32
		{39CF56BB-950E-4DD6-AA3F-F46E9FA3BE0F}.Release|x86.Build.0 = Release|Win32
		{3085C1E3-54BE-41C4-8A4F-23BD9B40B786}.Debug|x64.ActiveCfg = Debug|x64
		{3085C1E3-54BE-41C4-8A4F-23BD9B40B786}.Debug|x64.Build.0 = Debug|x64
		{3085C1E3-54BE-41C4-8A4F-23BD9B40B786}.Debug|x86.ActiveCfg = Debug|Win32
		{3085C1E3-54BE-41C4-8A4F-23BD9B40B786}.Debug|x86.Build.0 = Debug|Win32
		{3085C1E3-54BE-41C4-8A4F-23BD9B40B786}.Release|x64.ActiveCfg = Release|x64
		{3085C1E3-54BE-41C4-8A4F-23BD9B40B786}.Release|x64.Build.0 = Release|x64
		{3085C1E3-54BE-41C4-8A4F-23BD9B40B786}.Release|x86.ActiveCfg = Release|Win32
		{3085C1E3-54BE-41C4-8A4F-23BD9B40B786}.Release|x86.Build.0 = Release|Win32
		{877E8FCA-0A9E-4522-B631-14D192AB7EED}.Debug|x64.ActiveCfg = Debug|x64
		{877E8FCA-0A9E-4522-B631-14D192AB7EED}.Debug|x64.Build.0 = Debug|x64
		{877E8FCA-0A9E-4522-B631-14D192AB7EED}.Debug|x86.ActiveCfg = Debug|Win32
		{877E8FCA-0A9E-4522-B631-14D192AB7EED}.Debug|x86.Build.0 = Debug|Win32
		{877E8FCA-0A9E-4522-B631-14D192AB7EED}.Release|x64.ActiveCfg = Release|x64
		{877E8FCA-0A9E-4522-B631-14D192AB7EED}.Release|x64.Build.0 = Release|x64
		{877E8FCA-0A9E-4522-B631-14D192AB7EED}.Release|x86.ActiveCfg = Release|Win32
		{877E8FCA-0A9E-4522-B631-14D192AB7EED}.Release|x86.Build.0 = Release|Win32
		{549A8A17-3888-4824-AE85-A4AE411263D9}.Debug|x64.ActiveCfg = Debug|x64
		{549A8A17-3888-4824-AE85-A4AE411263D9}.Debug|x64.Build.0 = Debug|x64
		{549A8A17-3888-4824-AE85-A4AE411263D9}.Debug|x86.ActiveCfg = Debug|Win32
		{549A8A17-3888-4824-AE85-A4AE411263D9}.Debug|x86.Build.0 = Debug|Win32
		{549A8A17-3888-4824-AE85-A4AE411263D9}.Release|x64.ActiveCfg = Release|x64
		{549A8A17-3888-4824-AE85-A4AE411263D9}.Release|x64.Build.0 = Release|x64
		{549A8A17-3888-4824-AE85-A4AE411263D9}.Release|x86.ActiveCfg = Release|Win32
		{549A8A17-3888-4824-AE85-A4AE411263D9}.Release|x86.Build.0 = Release|Win32
		{188BE5C0-1B13-4AE9-B56B-7889257C76D3}.Debug|x64.ActiveCfg = Debug|x64
		{188BE5C0-1B13-4AE9-B56B-7889257C76D3}.Debug|x64.Build.0 = Debug|x64
		{188BE5C0-1B13-4AE9-B56B-7889257C76D3}.Debug|x86.ActiveCfg = Debug|Win32
		{188BE5C0-1B13-4AE9-B56B-7889257C76D3}.Debug|x86.Build.0 = Debug|Win32
		{188BE5C0-1B13-4AE9-B56B-7889257C76D3}.Release|x64.ActiveCfg = Release|x64
		{188BE5C0-1B13-4AE9-B56B-7889257C76D3}.Release|x64.Build.0 = Release|x64
		{188BE5C0-1B13-4AE9-B56B-7889257C76D3}.Release|x86.ActiveCfg = Release|Win32
		{188BE5C0-1B13-4AE9-B56B-7889257C76D3}.Release|x86.Build.0 = Release|Win32
	EndGlobalSection
	GlobalSection(SolutionProperties) = preSolution
		HideSolutionNode = FALSE
	EndGlobalSection
	GlobalSection(ExtensibilityGlobals) = postSolution
		SolutionGuid = {274CAF3D-363B-44CF-8332-B9ED82BB2063}
	EndGlobalSection
EndGlobal
